{
  "name": "inspinia",
  "version": "2.7.1",
  "lockfileVersion": 1,
  "requires": true,
  "dependencies": {
    "@babel/runtime": {
      "version": "7.3.1",
      "resolved": "https://registry.npmjs.org/@babel/runtime/-/runtime-7.3.1.tgz",
      "integrity": "sha512-7jGW8ppV0ant637pIqAcFfQDDH1orEPGJb8aXfUozuCU3QqX7rX4DA8iwrbPrR1hcH0FTTHz47yQnk+bl5xHQA==",
      "requires": {
        "regenerator-runtime": "^0.12.0"
      },
      "dependencies": {
        "regenerator-runtime": {
          "version": "0.12.1",
          "resolved": "https://registry.npmjs.org/regenerator-runtime/-/regenerator-runtime-0.12.1.tgz",
          "integrity": "sha512-odxIc1/vDlo4iZcfXqRYFj0vpXFNoGdKMAUieAlFYO6m/nl5e9KR/beGf41z4a1FI+aQgtjhuaSlDxQ0hmkrHg=="
        }
      }
    },
    "babel-runtime": {
      "version": "6.20.0",
      "resolved": "https://registry.npmjs.org/babel-runtime/-/babel-runtime-6.20.0.tgz",
      "integrity": "sha1-hzAL3PTNdw8JvwBIxkIE4XgG0W8=",
      "requires": {
        "core-js": "^2.4.0",
        "regenerator-runtime": "^0.10.0"
      }
    },
    "core-js": {
      "version": "2.4.1",
      "resolved": "https://registry.npmjs.org/core-js/-/core-js-2.4.1.tgz",
      "integrity": "sha1-TekR5mew6ukSTjQlS1OupvxhjT4="
    },
    "jquery": {
      "version": "2.2.4",
      "resolved": "https://registry.npmjs.org/jquery/-/jquery-2.2.4.tgz",
      "integrity": "sha1-LInWiJterFIqfuoywUUhVZxsvwI="
    },
    "regenerator-runtime": {
      "version": "0.10.1",
      "resolved": "https://registry.npmjs.org/regenerator-runtime/-/regenerator-runtime-0.10.1.tgz",
      "integrity": "sha1-JX9BlhzkRVixj3gUr0jBdVn5+us="
    },
    "tributejs": {
      "version": "github:zurb/tribute#663313d2ecc62c3c3a0fc022439b0c1d5c1fa8d3",
      "from": "github:zurb/tribute#master"
    }
  }
}
